// !$*UTF8*$!
{
	archiveVersion = 1;
	classes = {
	};
	objectVersion = 53;
	objects = {

/* Begin PBXBuildFile section */
		64B26BFA21BA198F003B040E /* AppDelegate.swift in Sources */ = {isa = PBXBuildFile; fileRef = 64B26BF921BA198F003B040E /* AppDelegate.swift */; };
		64B26BFC21BA198F003B040E /* GameScene.sks in Resources */ = {isa = PBXBuildFile; fileRef = 64B26BFB21BA198F003B040E /* GameScene.sks */; };
		64B26BFE21BA198F003B040E /* Actions.sks in Resources */ = {isa = PBXBuildFile; fileRef = 64B26BFD21BA198F003B040E /* Actions.sks */; };
		64B26C0021BA198F003B040E /* GameScene.swift in Sources */ = {isa = PBXBuildFile; fileRef = 64B26BFF21BA198F003B040E /* GameScene.swift */; };
		64B26C0221BA198F003B040E /* GameViewController.swift in Sources */ = {isa = PBXBuildFile; fileRef = 64B26C0121BA198F003B040E /* GameViewController.swift */; };
		64B26C0521BA198F003B040E /* Main.storyboard in Resources */ = {isa = PBXBuildFile; fileRef = 64B26C0321BA198F003B040E /* Main.storyboard */; };
		64B26C0721BA1990003B040E /* Assets.xcassets in Resources */ = {isa = PBXBuildFile; fileRef = 64B26C0621BA1990003B040E /* Assets.xcassets */; };
		64B26C0A21BA1990003B040E /* LaunchScreen.storyboard in Resources */ = {isa = PBXBuildFile; fileRef = 64B26C0821BA1990003B040E /* LaunchScreen.storyboard */; };
		7701053F2A40F3AD009A868E /* AppSettings.swift in Sources */ = {isa = PBXBuildFile; fileRef = 7701053E2A40F3AD009A868E /* AppSettings.swift */; };
		77B11A9E2A3C16D20063878C /* Explosion.sks in Resources */ = {isa = PBXBuildFile; fileRef = 77B11A9D2A3C16D20063878C /* Explosion.sks */; };
		DA373E20B580019BBE77DAF6 /* Pods_bouncyball.framework in Frameworks */ = {isa = PBXBuildFile; fileRef = E41AEACC2FFF6D01BAA79DE9 /* Pods_bouncyball.framework */; };
/* End PBXBuildFile section */

/* Begin PBXFileReference section */
		64B26BF621BA198F003B040E /* Boing....app */ = {isa = PBXFileReference; explicitFileType = wrapper.application; includeInIndex = 0; path = Boing....app; sourceTree = BUILT_PRODUCTS_DIR; };
		64B26BF921BA198F003B040E /* AppDelegate.swift */ = {isa = PBXFileReference; lastKnownFileType = sourcecode.swift; path = AppDelegate.swift; sourceTree = "<group>"; };
		64B26BFB21BA198F003B040E /* GameScene.sks */ = {isa = PBXFileReference; lastKnownFileType = file.sks; path = GameScene.sks; sourceTree = "<group>"; };
		64B26BFD21BA198F003B040E /* Actions.sks */ = {isa = PBXFileReference; lastKnownFileType = file.sks; path = Actions.sks; sourceTree = "<group>"; };
		64B26BFF21BA198F003B040E /* GameScene.swift */ = {isa = PBXFileReference; lastKnownFileType = sourcecode.swift; path = GameScene.swift; sourceTree = "<group>"; };
		64B26C0121BA198F003B040E /* GameViewController.swift */ = {isa = PBXFileReference; lastKnownFileType = sourcecode.swift; path = GameViewController.swift; sourceTree = "<group>"; };
		64B26C0421BA198F003B040E /* Base */ = {isa = PBXFileReference; lastKnownFileType = file.storyboard; name = Base; path = Base.lproj/Main.storyboard; sourceTree = "<group>"; };
		64B26C0621BA1990003B040E /* Assets.xcassets */ = {isa = PBXFileReference; lastKnownFileType = folder.assetcatalog; path = Assets.xcassets; sourceTree = "<group>"; };
		64B26C0921BA1990003B040E /* Base */ = {isa = PBXFileReference; lastKnownFileType = file.storyboard; name = Base; path = Base.lproj/LaunchScreen.storyboard; sourceTree = "<group>"; };
		64B26C0B21BA1990003B040E /* Info.plist */ = {isa = PBXFileReference; lastKnownFileType = text.plist.xml; path = Info.plist; sourceTree = "<group>"; };
		7701053E2A40F3AD009A868E /* AppSettings.swift */ = {isa = PBXFileReference; lastKnownFileType = sourcecode.swift; path = AppSettings.swift; sourceTree = "<group>"; };
		77B11A9D2A3C16D20063878C /* Explosion.sks */ = {isa = PBXFileReference; lastKnownFileType = file.sks; path = Explosion.sks; sourceTree = "<group>"; };
		9B9D75C204D9C37B45097168 /* Pods-bouncyball.release.xcconfig */ = {isa = PBXFileReference; includeInIndex = 1; lastKnownFileType = text.xcconfig; name = "Pods-bouncyball.release.xcconfig"; path = "Pods/Target Support Files/Pods-bouncyball/Pods-bouncyball.release.xcconfig"; sourceTree = "<group>"; };
		CBB4B0FB16BBF90AFD19EC8E /* Pods-bouncyball.debug.xcconfig */ = {isa = PBXFileReference; includeInIndex = 1; lastKnownFileType = text.xcconfig; name = "Pods-bouncyball.debug.xcconfig"; path = "Pods/Target Support Files/Pods-bouncyball/Pods-bouncyball.debug.xcconfig"; sourceTree = "<group>"; };
		E41AEACC2FFF6D01BAA79DE9 /* Pods_bouncyball.framework */ = {isa = PBXFileReference; explicitFileType = wrapper.framework; includeInIndex = 0; path = Pods_bouncyball.framework; sourceTree = BUILT_PRODUCTS_DIR; };
/* End PBXFileReference section */

/* Begin PBXFrameworksBuildPhase section */
		64B26BF321BA198F003B040E /* Frameworks */ = {
			isa = PBXFrameworksBuildPhase;
			buildActionMask = 2147483647;
			files = (
				DA373E20B580019BBE77DAF6 /* Pods_bouncyball.framework in Frameworks */,
			);
			runOnlyForDeploymentPostprocessing = 0;
		};
/* End PBXFrameworksBuildPhase section */

/* Begin PBXGroup section */
		3978B3F21C7F9ABE43A5514C /* Pods */ = {
			isa = PBXGroup;
			children = (
				CBB4B0FB16BBF90AFD19EC8E /* Pods-bouncyball.debug.xcconfig */,
				9B9D75C204D9C37B45097168 /* Pods-bouncyball.release.xcconfig */,
			);
			name = Pods;
			sourceTree = "<group>";
		};
		4C37A8157C2C481509BFB210 /* Frameworks */ = {
			isa = PBXGroup;
			children = (
				E41AEACC2FFF6D01BAA79DE9 /* Pods_bouncyball.framework */,
			);
			name = Frameworks;
			sourceTree = "<group>";
		};
		64B26BED21BA198F003B040E = {
			isa = PBXGroup;
			children = (
				64B26BF821BA198F003B040E /* bouncyball */,
				64B26BF721BA198F003B040E /* Products */,
				3978B3F21C7F9ABE43A5514C /* Pods */,
				4C37A8157C2C481509BFB210 /* Frameworks */,
			);
			sourceTree = "<group>";
		};
		64B26BF721BA198F003B040E /* Products */ = {
			isa = PBXGroup;
			children = (
				64B26BF621BA198F003B040E /* Boing....app */,
			);
			name = Products;
			sourceTree = "<group>";
		};
		64B26BF821BA198F003B040E /* bouncyball */ = {
			isa = PBXGroup;
			children = (
				64B26BF921BA198F003B040E /* AppDelegate.swift */,
				64B26BFB21BA198F003B040E /* GameScene.sks */,
				64B26BFD21BA198F003B040E /* Actions.sks */,
				64B26BFF21BA198F003B040E /* GameScene.swift */,
				64B26C0121BA198F003B040E /* GameViewController.swift */,
				64B26C0321BA198F003B040E /* Main.storyboard */,
				64B26C0621BA1990003B040E /* Assets.xcassets */,
				64B26C0821BA1990003B040E /* LaunchScreen.storyboard */,
				64B26C0B21BA1990003B040E /* Info.plist */,
				77B11A9D2A3C16D20063878C /* Explosion.sks */,
				7701053E2A40F3AD009A868E /* AppSettings.swift */,
			);
			path = bouncyball;
			sourceTree = "<group>";
		};
/* End PBXGroup section */

/* Begin PBXNativeTarget section */
		64B26BF521BA198F003B040E /* bouncyball */ = {
			isa = PBXNativeTarget;
			buildConfigurationList = 64B26C0E21BA1990003B040E /* Build configuration list for PBXNativeTarget "bouncyball" */;
			buildPhases = (
				397DDDE276B2B77084DD18F9 /* [CP] Check Pods Manifest.lock */,
				64B26BF221BA198F003B040E /* Sources */,
				64B26BF321BA198F003B040E /* Frameworks */,
				64B26BF421BA198F003B040E /* Resources */,
			);
			buildRules = (
			);
			dependencies = (
			);
			name = bouncyball;
			productName = bouncyball;
			productReference = 64B26BF621BA198F003B040E /* Boing....app */;
			productType = "com.apple.product-type.application";
		};
/* End PBXNativeTarget section */

/* Begin PBXProject section */
		64B26BEE21BA198F003B040E /* Project object */ = {
			isa = PBXProject;
			attributes = {
				BuildIndependentTargetsInParallel = YES;
				LastSwiftUpdateCheck = 1010;
				LastUpgradeCheck = 1430;
				ORGANIZATIONNAME = "Kraig Wastlund";
				TargetAttributes = {
					64B26BF521BA198F003B040E = {
						CreatedOnToolsVersion = 10.1;
						LastSwiftMigration = "";
					};
				};
			};
			buildConfigurationList = 64B26BF121BA198F003B040E /* Build configuration list for PBXProject "bouncyball" */;
			compatibilityVersion = "Xcode 9.3";
			developmentRegion = en;
			hasScannedForEncodings = 0;
			knownRegions = (
				en,
				Base,
			);
			mainGroup = 64B26BED21BA198F003B040E;
			productRefGroup = 64B26BF721BA198F003B040E /* Products */;
			projectDirPath = "";
			projectRoot = "";
			targets = (
				64B26BF521BA198F003B040E /* bouncyball */,
			);
		};
/* End PBXProject section */

/* Begin PBXResourcesBuildPhase section */
		64B26BF421BA198F003B040E /* Resources */ = {
			isa = PBXResourcesBuildPhase;
			buildActionMask = 2147483647;
			files = (
				64B26C0521BA198F003B040E /* Main.storyboard in Resources */,
				64B26BFC21BA198F003B040E /* GameScene.sks in Resources */,
				64B26C0721BA1990003B040E /* Assets.xcassets in Resources */,
				64B26C0A21BA1990003B040E /* LaunchScreen.storyboard in Resources */,
				64B26BFE21BA198F003B040E /* Actions.sks in Resources */,
				77B11A9E2A3C16D20063878C /* Explosion.sks in Resources */,
			);
			runOnlyForDeploymentPostprocessing = 0;
		};
/* End PBXResourcesBuildPhase section */

/* Begin PBXShellScriptBuildPhase section */
		397DDDE276B2B77084DD18F9 /* [CP] Check Pods Manifest.lock */ = {
			isa = PBXShellScriptBuildPhase;
			buildActionMask = 2147483647;
			files = (
			);
			inputPaths = (
				"${PODS_PODFILE_DIR_PATH}/Podfile.lock",
				"${PODS_ROOT}/Manifest.lock",
			);
			name = "[CP] Check Pods Manifest.lock";
			outputPaths = (
				"$(DERIVED_FILE_DIR)/Pods-bouncyball-checkManifestLockResult.txt",
			);
			runOnlyForDeploymentPostprocessing = 0;
			shellPath = /bin/sh;
			shellScript = "diff \"${PODS_PODFILE_DIR_PATH}/Podfile.lock\" \"${PODS_ROOT}/Manifest.lock\" > /dev/null\nif [ $? != 0 ] ; then\n    # print error to STDERR\n    echo \"error: The sandbox is not in sync with the Podfile.lock. Run 'pod install' or update your CocoaPods installation.\" >&2\n    exit 1\nfi\n# This output is used by Xcode 'outputs' to avoid re-running this script phase.\necho \"SUCCESS\" > \"${SCRIPT_OUTPUT_FILE_0}\"\n";
			showEnvVarsInLog = 0;
		};
/* End PBXShellScriptBuildPhase section */

/* Begin PBXSourcesBuildPhase section */
		64B26BF221BA198F003B040E /* Sources */ = {
			isa = PBXSourcesBuildPhase;
			buildActionMask = 2147483647;
			files = (
				64B26C0021BA198F003B040E /* GameScene.swift in Sources */,
				64B26C0221BA198F003B040E /* GameViewController.swift in Sources */,
				7701053F2A40F3AD009A868E /* AppSettings.swift in Sources */,
				64B26BFA21BA198F003B040E /* AppDelegate.swift in Sources */,
			);
			runOnlyForDeploymentPostprocessing = 0;
		};
/* End PBXSourcesBuildPhase section */

/* Begin PBXVariantGroup section */
		64B26C0321BA198F003B040E /* Main.storyboard */ = {
			isa = PBXVariantGroup;
			children = (
				64B26C0421BA198F003B040E /* Base */,
			);
			name = Main.storyboard;
			sourceTree = "<group>";
		};
		64B26C0821BA1990003B040E /* LaunchScreen.storyboard */ = {
			isa = PBXVariantGroup;
			children = (
				64B26C0921BA1990003B040E /* Base */,
			);
			name = LaunchScreen.storyboard;
			sourceTree = "<group>";
		};
/* End PBXVariantGroup section */

/* Begin XCBuildConfiguration section */
		64B26C0C21BA1990003B040E /* Debug */ = {
			isa = XCBuildConfiguration;
			buildSettings = {
				ALWAYS_SEARCH_USER_PATHS = NO;
				CLANG_ANALYZER_NONNULL = YES;
				CLANG_ANALYZER_NUMBER_OBJECT_CONVERSION = YES_AGGRESSIVE;
				CLANG_CXX_LANGUAGE_STANDARD = "gnu++14";
				CLANG_CXX_LIBRARY = "libc++";
				CLANG_ENABLE_MODULES = YES;
				CLANG_ENABLE_OBJC_ARC = YES;
				CLANG_ENABLE_OBJC_WEAK = YES;
				CLANG_WARN_BLOCK_CAPTURE_AUTORELEASING = YES;
				CLANG_WARN_BOOL_CONVERSION = YES;
				CLANG_WARN_COMMA = YES;
				CLANG_WARN_CONSTANT_CONVERSION = YES;
				CLANG_WARN_DEPRECATED_OBJC_IMPLEMENTATIONS = YES;
				CLANG_WARN_DIRECT_OBJC_ISA_USAGE = YES_ERROR;
				CLANG_WARN_DOCUMENTATION_COMMENTS = YES;
				CLANG_WARN_EMPTY_BODY = YES;
				CLANG_WARN_ENUM_CONVERSION = YES;
				CLANG_WARN_INFINITE_RECURSION = YES;
				CLANG_WARN_INT_CONVERSION = YES;
				CLANG_WARN_NON_LITERAL_NULL_CONVERSION = YES;
				CLANG_WARN_OBJC_IMPLICIT_RETAIN_SELF = YES;
				CLANG_WARN_OBJC_LITERAL_CONVERSION = YES;
				CLANG_WARN_OBJC_ROOT_CLASS = YES_ERROR;
				CLANG_WARN_QUOTED_INCLUDE_IN_FRAMEWORK_HEADER = YES;
				CLANG_WARN_RANGE_LOOP_ANALYSIS = YES;
				CLANG_WARN_STRICT_PROTOTYPES = YES;
				CLANG_WARN_SUSPICIOUS_MOVE = YES;
				CLANG_WARN_UNGUARDED_AVAILABILITY = YES_AGGRESSIVE;
				CLANG_WARN_UNREACHABLE_CODE = YES;
				CLANG_WARN__DUPLICATE_METHOD_MATCH = YES;
				CODE_SIGN_IDENTITY = "iPhone Developer";
				COPY_PHASE_STRIP = NO;
				DEBUG_INFORMATION_FORMAT = dwarf;
				ENABLE_STRICT_OBJC_MSGSEND = YES;
				ENABLE_TESTABILITY = YES;
				GCC_C_LANGUAGE_STANDARD = gnu11;
				GCC_DYNAMIC_NO_PIC = NO;
				GCC_NO_COMMON_BLOCKS = YES;
				GCC_OPTIMIZATION_LEVEL = 0;
				GCC_PREPROCESSOR_DEFINITIONS = (
					"DEBUG=1",
					"$(inherited)",
				);
				GCC_WARN_64_TO_32_BIT_CONVERSION = YES;
				GCC_WARN_ABOUT_RETURN_TYPE = YES_ERROR;
				GCC_WARN_UNDECLARED_SELECTOR = YES;
				GCC_WARN_UNINITIALIZED_AUTOS = YES_AGGRESSIVE;
				GCC_WARN_UNUSED_FUNCTION = YES;
				GCC_WARN_UNUSED_VARIABLE = YES;
				IPHONEOS_DEPLOYMENT_TARGET = 12.1;
				MTL_ENABLE_DEBUG_INFO = INCLUDE_SOURCE;
				MTL_FAST_MATH = YES;
				ONLY_ACTIVE_ARCH = YES;
				SDKROOT = iphoneos;
				SWIFT_ACTIVE_COMPILATION_CONDITIONS = DEBUG;
				SWIFT_OPTIMIZATION_LEVEL = "-Onone";
			};
			name = Debug;
		};
		64B26C0D21BA1990003B040E /* Release */ = {
			isa = XCBuildConfiguration;
			buildSettings = {
				ALWAYS_SEARCH_USER_PATHS = NO;
				CLANG_ANALYZER_NONNULL = YES;
				CLANG_ANALYZER_NUMBER_OBJECT_CONVERSION = YES_AGGRESSIVE;
				CLANG_CXX_LANGUAGE_STANDARD = "gnu++14";
				CLANG_CXX_LIBRARY = "libc++";
				CLANG_ENABLE_MODULES = YES;
				CLANG_ENABLE_OBJC_ARC = YES;
				CLANG_ENABLE_OBJC_WEAK = YES;
				CLANG_WARN_BLOCK_CAPTURE_AUTORELEASING = YES;
				CLANG_WARN_BOOL_CONVERSION = YES;
				CLANG_WARN_COMMA = YES;
				CLANG_WARN_CONSTANT_CONVERSION = YES;
				CLANG_WARN_DEPRECATED_OBJC_IMPLEMENTATIONS = YES;
				CLANG_WARN_DIRECT_OBJC_ISA_USAGE = YES_ERROR;
				CLANG_WARN_DOCUMENTATION_COMMENTS = YES;
				CLANG_WARN_EMPTY_BODY = YES;
				CLANG_WARN_ENUM_CONVERSION = YES;
				CLANG_WARN_INFINITE_RECURSION = YES;
				CLANG_WARN_INT_CONVERSION = YES;
				CLANG_WARN_NON_LITERAL_NULL_CONVERSION = YES;
				CLANG_WARN_OBJC_IMPLICIT_RETAIN_SELF = YES;
				CLANG_WARN_OBJC_LITERAL_CONVERSION = YES;
				CLANG_WARN_OBJC_ROOT_CLASS = YES_ERROR;
				CLANG_WARN_QUOTED_INCLUDE_IN_FRAMEWORK_HEADER = YES;
				CLANG_WARN_RANGE_LOOP_ANALYSIS = YES;
				CLANG_WARN_STRICT_PROTOTYPES = YES;
				CLANG_WARN_SUSPICIOUS_MOVE = YES;
				CLANG_WARN_UNGUARDED_AVAILABILITY = YES_AGGRESSIVE;
				CLANG_WARN_UNREACHABLE_CODE = YES;
				CLANG_WARN__DUPLICATE_METHOD_MATCH = YES;
				CODE_SIGN_IDENTITY = "iPhone Developer";
				COPY_PHASE_STRIP = NO;
				DEBUG_INFORMATION_FORMAT = "dwarf-with-dsym";
				ENABLE_NS_ASSERTIONS = NO;
				ENABLE_STRICT_OBJC_MSGSEND = YES;
				GCC_C_LANGUAGE_STANDARD = gnu11;
				GCC_NO_COMMON_BLOCKS = YES;
				GCC_WARN_64_TO_32_BIT_CONVERSION = YES;
				GCC_WARN_ABOUT_RETURN_TYPE = YES_ERROR;
				GCC_WARN_UNDECLARED_SELECTOR = YES;
				GCC_WARN_UNINITIALIZED_AUTOS = YES_AGGRESSIVE;
				GCC_WARN_UNUSED_FUNCTION = YES;
				GCC_WARN_UNUSED_VARIABLE = YES;
				IPHONEOS_DEPLOYMENT_TARGET = 12.1;
				MTL_ENABLE_DEBUG_INFO = NO;
				MTL_FAST_MATH = YES;
				SDKROOT = iphoneos;
				SWIFT_COMPILATION_MODE = wholemodule;
				SWIFT_OPTIMIZATION_LEVEL = "-O";
				VALIDATE_PRODUCT = YES;
			};
			name = Release;
		};
		64B26C0F21BA1990003B040E /* Debug */ = {
			isa = XCBuildConfiguration;
			baseConfigurationReference = CBB4B0FB16BBF90AFD19EC8E /* Pods-bouncyball.debug.xcconfig */;
			buildSettings = {
				ASSETCATALOG_COMPILER_APPICON_NAME = AppIcon;
				CODE_SIGN_STYLE = Automatic;
				DEVELOPMENT_TEAM = USSGBV55CM;
				INFOPLIST_FILE = bouncyball/Info.plist;
				INFOPLIST_KEY_CFBundleDisplayName = Boing...;
				INFOPLIST_KEY_LSApplicationCategoryType = "public.app-category.arcade-games";
				IPHONEOS_DEPLOYMENT_TARGET = 15.6;
				LD_RUNPATH_SEARCH_PATHS = (
					"$(inherited)",
					"@executable_path/Frameworks",
				);
				PRODUCT_BUNDLE_IDENTIFIER = ktw.bouncy.com;
				PRODUCT_NAME = Boing...;
				SWIFT_VERSION = 5.0;
				TARGETED_DEVICE_FAMILY = "1,2";
			};
			name = Debug;
		};
		64B26C1021BA1990003B040E /* Release */ = {
			isa = XCBuildConfiguration;
			baseConfigurationReference = 9B9D75C204D9C37B45097168 /* Pods-bouncyball.release.xcconfig */;
			buildSettings = {
				ASSETCATALOG_COMPILER_APPICON_NAME = AppIcon;
				CODE_SIGN_STYLE = Automatic;
				DEVELOPMENT_TEAM = USSGBV55CM;
				INFOPLIST_FILE = bouncyball/Info.plist;
				INFOPLIST_KEY_CFBundleDisplayName = Boing...;
				INFOPLIST_KEY_LSApplicationCategoryType = "public.app-category.arcade-games";
				IPHONEOS_DEPLOYMENT_TARGET = 15.6;
				LD_RUNPATH_SEARCH_PATHS = (
					"$(inherited)",
					"@executable_path/Frameworks",
				);
				PRODUCT_BUNDLE_IDENTIFIER = ktw.bouncy.com;
				PRODUCT_NAME = Boing...;
				SWIFT_VERSION = 5.0;
				TARGETED_DEVICE_FAMILY = "1,2";
			};
			name = Release;
		};
/* End XCBuildConfiguration section */

/* Begin XCConfigurationList section */
		64B26BF121BA198F003B040E /* Build configuration list for PBXProject "bouncyball" */ = {
			isa = XCConfigurationList;
			buildConfigurations = (
				64B26C0C21BA1990003B040E /* Debug */,
				64B26C0D21BA1990003B040E /* Release */,
			);
			defaultConfigurationIsVisible = 0;
			defaultConfigurationName = Release;
		};
		64B26C0E21BA1990003B040E /* Build configuration list for PBXNativeTarget "bouncyball" */ = {
			isa = XCConfigurationList;
			buildConfigurations = (
				64B26C0F21BA1990003B040E /* Debug */,
				64B26C1021BA1990003B040E /* Release */,
			);
			defaultConfigurationIsVisible = 0;
			defaultConfigurationName = Release;
		};
/* End XCConfigurationList section */
	};
	rootObject = 64B26BEE21BA198F003B040E /* Project object */;
}
