// !$*UTF8*$!
{
	archiveVersion = 1;
	classes = {
	};
	objectVersion = 50;
	objects = {

/* Begin PBXBuildFile section */
		225E7BB4A989AE67851B3169 /* Pods_bouncyball.framework in Frameworks */ = {isa = PBXBuildFile; fileRef = 7632646B684C171D2CC25D6C /* Pods_bouncyball.framework */; };
		6445EC3821BA174F00D5EEDC /* AppDelegate.swift in Sources */ = {isa = PBXBuildFile; fileRef = 6445EC3721BA174F00D5EEDC /* AppDelegate.swift */; };
		6445EC3A21BA174F00D5EEDC /* ViewController.swift in Sources */ = {isa = PBXBuildFile; fileRef = 6445EC3921BA174F00D5EEDC /* ViewController.swift */; };
		6445EC3D21BA174F00D5EEDC /* Main.storyboard in Resources */ = {isa = PBXBuildFile; fileRef = 6445EC3B21BA174F00D5EEDC /* Main.storyboard */; };
		6445EC4021BA174F00D5EEDC /* bouncyball.xcdatamodeld in Sources */ = {isa = PBXBuildFile; fileRef = 6445EC3E21BA174F00D5EEDC /* bouncyball.xcdatamodeld */; };
		6445EC4221BA175100D5EEDC /* Assets.xcassets in Resources */ = {isa = PBXBuildFile; fileRef = 6445EC4121BA175100D5EEDC /* Assets.xcassets */; };
		6445EC4521BA175100D5EEDC /* LaunchScreen.storyboard in Resources */ = {isa = PBXBuildFile; fileRef = 6445EC4321BA175100D5EEDC /* LaunchScreen.storyboard */; };
/* End PBXBuildFile section */

/* Begin PBXFileReference section */
		6445EC3421BA174F00D5EEDC /* bouncyball.app */ = {isa = PBXFileReference; explicitFileType = wrapper.application; includeInIndex = 0; path = bouncyball.app; sourceTree = BUILT_PRODUCTS_DIR; };
		6445EC3721BA174F00D5EEDC /* AppDelegate.swift */ = {isa = PBXFileReference; lastKnownFileType = sourcecode.swift; path = AppDelegate.swift; sourceTree = "<group>"; };
		6445EC3921BA174F00D5EEDC /* ViewController.swift */ = {isa = PBXFileReference; lastKnownFileType = sourcecode.swift; path = ViewController.swift; sourceTree = "<group>"; };
		6445EC3C21BA174F00D5EEDC /* Base */ = {isa = PBXFileReference; lastKnownFileType = file.storyboard; name = Base; path = Base.lproj/Main.storyboard; sourceTree = "<group>"; };
		6445EC3F21BA174F00D5EEDC /* bouncyball.xcdatamodel */ = {isa = PBXFileReference; lastKnownFileType = wrapper.xcdatamodel; path = bouncyball.xcdatamodel; sourceTree = "<group>"; };
		6445EC4121BA175100D5EEDC /* Assets.xcassets */ = {isa = PBXFileReference; lastKnownFileType = folder.assetcatalog; path = Assets.xcassets; sourceTree = "<group>"; };
		6445EC4421BA175100D5EEDC /* Base */ = {isa = PBXFileReference; lastKnownFileType = file.storyboard; name = Base; path = Base.lproj/LaunchScreen.storyboard; sourceTree = "<group>"; };
		6445EC4621BA175100D5EEDC /* Info.plist */ = {isa = PBXFileReference; lastKnownFileType = text.plist.xml; path = Info.plist; sourceTree = "<group>"; };
		7632646B684C171D2CC25D6C /* Pods_bouncyball.framework */ = {isa = PBXFileReference; explicitFileType = wrapper.framework; includeInIndex = 0; path = Pods_bouncyball.framework; sourceTree = BUILT_PRODUCTS_DIR; };
		7BF1BFD27B5366C19458A45E /* Pods-bouncyball.release.xcconfig */ = {isa = PBXFileReference; includeInIndex = 1; lastKnownFileType = text.xcconfig; name = "Pods-bouncyball.release.xcconfig"; path = "Pods/Target Support Files/Pods-bouncyball/Pods-bouncyball.release.xcconfig"; sourceTree = "<group>"; };
		F6C5DB8783EA20D6FA75C2A2 /* Pods-bouncyball.debug.xcconfig */ = {isa = PBXFileReference; includeInIndex = 1; lastKnownFileType = text.xcconfig; name = "Pods-bouncyball.debug.xcconfig"; path = "Pods/Target Support Files/Pods-bouncyball/Pods-bouncyball.debug.xcconfig"; sourceTree = "<group>"; };
/* End PBXFileReference section */

/* Begin PBXFrameworksBuildPhase section */
		6445EC3121BA174F00D5EEDC /* Frameworks */ = {
			isa = PBXFrameworksBuildPhase;
			buildActionMask = 2147483647;
			files = (
				225E7BB4A989AE67851B3169 /* Pods_bouncyball.framework in Frameworks */,
			);
			runOnlyForDeploymentPostprocessing = 0;
		};
/* End PBXFrameworksBuildPhase section */

/* Begin PBXGroup section */
		6445EC2B21BA174F00D5EEDC = {
			isa = PBXGroup;
			children = (
				6445EC3621BA174F00D5EEDC /* bouncyball */,
				6445EC3521BA174F00D5EEDC /* Products */,
				AA2C6D89E5D64A943C9D181D /* Pods */,
				C65DFD913C4C5EDC63F7F20A /* Frameworks */,
			);
			sourceTree = "<group>";
		};
		6445EC3521BA174F00D5EEDC /* Products */ = {
			isa = PBXGroup;
			children = (
				6445EC3421BA174F00D5EEDC /* bouncyball.app */,
			);
			name = Products;
			sourceTree = "<group>";
		};
		6445EC3621BA174F00D5EEDC /* bouncyball */ = {
			isa = PBXGroup;
			children = (
				6445EC3721BA174F00D5EEDC /* AppDelegate.swift */,
				6445EC3921BA174F00D5EEDC /* ViewController.swift */,
				6445EC3B21BA174F00D5EEDC /* Main.storyboard */,
				6445EC4121BA175100D5EEDC /* Assets.xcassets */,
				6445EC4321BA175100D5EEDC /* LaunchScreen.storyboard */,
				6445EC4621BA175100D5EEDC /* Info.plist */,
				6445EC3E21BA174F00D5EEDC /* bouncyball.xcdatamodeld */,
			);
			path = bouncyball;
			sourceTree = "<group>";
		};
		AA2C6D89E5D64A943C9D181D /* Pods */ = {
			isa = PBXGroup;
			children = (
				F6C5DB8783EA20D6FA75C2A2 /* Pods-bouncyball.debug.xcconfig */,
				7BF1BFD27B5366C19458A45E /* Pods-bouncyball.release.xcconfig */,
			);
			name = Pods;
			sourceTree = "<group>";
		};
		C65DFD913C4C5EDC63F7F20A /* Frameworks */ = {
			isa = PBXGroup;
			children = (
				7632646B684C171D2CC25D6C /* Pods_bouncyball.framework */,
			);
			name = Frameworks;
			sourceTree = "<group>";
		};
/* End PBXGroup section */

/* Begin PBXNativeTarget section */
		6445EC3321BA174F00D5EEDC /* bouncyball */ = {
			isa = PBXNativeTarget;
			buildConfigurationList = 6445EC4921BA175100D5EEDC /* Build configuration list for PBXNativeTarget "bouncyball" */;
			buildPhases = (
				8CE92F9338103E46ECC473DF /* [CP] Check Pods Manifest.lock */,
				6445EC3021BA174F00D5EEDC /* Sources */,
				6445EC3121BA174F00D5EEDC /* Frameworks */,
				6445EC3221BA174F00D5EEDC /* Resources */,
			);
			buildRules = (
			);
			dependencies = (
			);
			name = bouncyball;
			productName = bouncyball;
			productReference = 6445EC3421BA174F00D5EEDC /* bouncyball.app */;
			productType = "com.apple.product-type.application";
		};
/* End PBXNativeTarget section */

/* Begin PBXProject section */
		6445EC2C21BA174F00D5EEDC /* Project object */ = {
			isa = PBXProject;
			attributes = {
				LastSwiftUpdateCheck = 1010;
				LastUpgradeCheck = 1010;
				ORGANIZATIONNAME = "Kraig Wastlund";
				TargetAttributes = {
					6445EC3321BA174F00D5EEDC = {
						CreatedOnToolsVersion = 10.1;
					};
				};
			};
			buildConfigurationList = 6445EC2F21BA174F00D5EEDC /* Build configuration list for PBXProject "bouncyball" */;
			compatibilityVersion = "Xcode 9.3";
			developmentRegion = en;
			hasScannedForEncodings = 0;
			knownRegions = (
				en,
				Base,
			);
			mainGroup = 6445EC2B21BA174F00D5EEDC;
			productRefGroup = 6445EC3521BA174F00D5EEDC /* Products */;
			projectDirPath = "";
			projectRoot = "";
			targets = (
				6445EC3321BA174F00D5EEDC /* bouncyball */,
			);
		};
/* End PBXProject section */

/* Begin PBXResourcesBuildPhase section */
		6445EC3221BA174F00D5EEDC /* Resources */ = {
			isa = PBXResourcesBuildPhase;
			buildActionMask = 2147483647;
			files = (
				6445EC4521BA175100D5EEDC /* LaunchScreen.storyboard in Resources */,
				6445EC4221BA175100D5EEDC /* Assets.xcassets in Resources */,
				6445EC3D21BA174F00D5EEDC /* Main.storyboard in Resources */,
			);
			runOnlyForDeploymentPostprocessing = 0;
		};
/* End PBXResourcesBuildPhase section */

/* Begin PBXShellScriptBuildPhase section */
		8CE92F9338103E46ECC473DF /* [CP] Check Pods Manifest.lock */ = {
			isa = PBXShellScriptBuildPhase;
			buildActionMask = 2147483647;
			files = (
			);
			inputPaths = (
				"${PODS_PODFILE_DIR_PATH}/Podfile.lock",
				"${PODS_ROOT}/Manifest.lock",
			);
			name = "[CP] Check Pods Manifest.lock";
			outputPaths = (
				"$(DERIVED_FILE_DIR)/Pods-bouncyball-checkManifestLockResult.txt",
			);
			runOnlyForDeploymentPostprocessing = 0;
			shellPath = /bin/sh;
			shellScript = "diff \"${PODS_PODFILE_DIR_PATH}/Podfile.lock\" \"${PODS_ROOT}/Manifest.lock\" > /dev/null\nif [ $? != 0 ] ; then\n    # print error to STDERR\n    echo \"error: The sandbox is not in sync with the Podfile.lock. Run 'pod install' or update your CocoaPods installation.\" >&2\n    exit 1\nfi\n# This output is used by Xcode 'outputs' to avoid re-running this script phase.\necho \"SUCCESS\" > \"${SCRIPT_OUTPUT_FILE_0}\"\n";
			showEnvVarsInLog = 0;
		};
/* End PBXShellScriptBuildPhase section */

/* Begin PBXSourcesBuildPhase section */
		6445EC3021BA174F00D5EEDC /* Sources */ = {
			isa = PBXSourcesBuildPhase;
			buildActionMask = 2147483647;
			files = (
				6445EC4021BA174F00D5EEDC /* bouncyball.xcdatamodeld in Sources */,
				6445EC3A21BA174F00D5EEDC /* ViewController.swift in Sources */,
				6445EC3821BA174F00D5EEDC /* AppDelegate.swift in Sources */,
			);
			runOnlyForDeploymentPostprocessing = 0;
		};
/* End PBXSourcesBuildPhase section */

/* Begin PBXVariantGroup section */
		6445EC3B21BA174F00D5EEDC /* Main.storyboard */ = {
			isa = PBXVariantGroup;
			children = (
				6445EC3C21BA174F00D5EEDC /* Base */,
			);
			name = Main.storyboard;
			sourceTree = "<group>";
		};
		6445EC4321BA175100D5EEDC /* LaunchScreen.storyboard */ = {
			isa = PBXVariantGroup;
			children = (
				6445EC4421BA175100D5EEDC /* Base */,
			);
			name = LaunchScreen.storyboard;
			sourceTree = "<group>";
		};
/* End PBXVariantGroup section */

/* Begin XCBuildConfiguration section */
		6445EC4721BA175100D5EEDC /* Debug */ = {
			isa = XCBuildConfiguration;
			buildSettings = {
				ALWAYS_SEARCH_USER_PATHS = NO;
				CLANG_ANALYZER_NONNULL = YES;
				CLANG_ANALYZER_NUMBER_OBJECT_CONVERSION = YES_AGGRESSIVE;
				CLANG_CXX_LANGUAGE_STANDARD = "gnu++14";
				CLANG_CXX_LIBRARY = "libc++";
				CLANG_ENABLE_MODULES = YES;
				CLANG_ENABLE_OBJC_ARC = YES;
				CLANG_ENABLE_OBJC_WEAK = YES;
				CLANG_WARN_BLOCK_CAPTURE_AUTORELEASING = YES;
				CLANG_WARN_BOOL_CONVERSION = YES;
				CLANG_WARN_COMMA = YES;
				CLANG_WARN_CONSTANT_CONVERSION = YES;
				CLANG_WARN_DEPRECATED_OBJC_IMPLEMENTATIONS = YES;
				CLANG_WARN_DIRECT_OBJC_ISA_USAGE = YES_ERROR;
				CLANG_WARN_DOCUMENTATION_COMMENTS = YES;
				CLANG_WARN_EMPTY_BODY = YES;
				CLANG_WARN_ENUM_CONVERSION = YES;
				CLANG_WARN_INFINITE_RECURSION = YES;
				CLANG_WARN_INT_CONVERSION = YES;
				CLANG_WARN_NON_LITERAL_NULL_CONVERSION = YES;
				CLANG_WARN_OBJC_IMPLICIT_RETAIN_SELF = YES;
				CLANG_WARN_OBJC_LITERAL_CONVERSION = YES;
				CLANG_WARN_OBJC_ROOT_CLASS = YES_ERROR;
				CLANG_WARN_RANGE_LOOP_ANALYSIS = YES;
				CLANG_WARN_STRICT_PROTOTYPES = YES;
				CLANG_WARN_SUSPICIOUS_MOVE = YES;
				CLANG_WARN_UNGUARDED_AVAILABILITY = YES_AGGRESSIVE;
				CLANG_WARN_UNREACHABLE_CODE = YES;
				CLANG_WARN__DUPLICATE_METHOD_MATCH = YES;
				CODE_SIGN_IDENTITY = "iPhone Developer";
				COPY_PHASE_STRIP = NO;
				DEBUG_INFORMATION_FORMAT = dwarf;
				ENABLE_STRICT_OBJC_MSGSEND = YES;
				ENABLE_TESTABILITY = YES;
				GCC_C_LANGUAGE_STANDARD = gnu11;
				GCC_DYNAMIC_NO_PIC = NO;
				GCC_NO_COMMON_BLOCKS = YES;
				GCC_OPTIMIZATION_LEVEL = 0;
				GCC_PREPROCESSOR_DEFINITIONS = (
					"DEBUG=1",
					"$(inherited)",
				);
				GCC_WARN_64_TO_32_BIT_CONVERSION = YES;
				GCC_WARN_ABOUT_RETURN_TYPE = YES_ERROR;
				GCC_WARN_UNDECLARED_SELECTOR = YES;
				GCC_WARN_UNINITIALIZED_AUTOS = YES_AGGRESSIVE;
				GCC_WARN_UNUSED_FUNCTION = YES;
				GCC_WARN_UNUSED_VARIABLE = YES;
				IPHONEOS_DEPLOYMENT_TARGET = 12.1;
				MTL_ENABLE_DEBUG_INFO = INCLUDE_SOURCE;
				MTL_FAST_MATH = YES;
				ONLY_ACTIVE_ARCH = YES;
				SDKROOT = iphoneos;
				SWIFT_ACTIVE_COMPILATION_CONDITIONS = DEBUG;
				SWIFT_OPTIMIZATION_LEVEL = "-Onone";
			};
			name = Debug;
		};
		6445EC4821BA175100D5EEDC /* Release */ = {
			isa = XCBuildConfiguration;
			buildSettings = {
				ALWAYS_SEARCH_USER_PATHS = NO;
				CLANG_ANALYZER_NONNULL = YES;
				CLANG_ANALYZER_NUMBER_OBJECT_CONVERSION = YES_AGGRESSIVE;
				CLANG_CXX_LANGUAGE_STANDARD = "gnu++14";
				CLANG_CXX_LIBRARY = "libc++";
				CLANG_ENABLE_MODULES = YES;
				CLANG_ENABLE_OBJC_ARC = YES;
				CLANG_ENABLE_OBJC_WEAK = YES;
				CLANG_WARN_BLOCK_CAPTURE_AUTORELEASING = YES;
				CLANG_WARN_BOOL_CONVERSION = YES;
				CLANG_WARN_COMMA = YES;
				CLANG_WARN_CONSTANT_CONVERSION = YES;
				CLANG_WARN_DEPRECATED_OBJC_IMPLEMENTATIONS = YES;
				CLANG_WARN_DIRECT_OBJC_ISA_USAGE = YES_ERROR;
				CLANG_WARN_DOCUMENTATION_COMMENTS = YES;
				CLANG_WARN_EMPTY_BODY = YES;
				CLANG_WARN_ENUM_CONVERSION = YES;
				CLANG_WARN_INFINITE_RECURSION = YES;
				CLANG_WARN_INT_CONVERSION = YES;
				CLANG_WARN_NON_LITERAL_NULL_CONVERSION = YES;
				CLANG_WARN_OBJC_IMPLICIT_RETAIN_SELF = YES;
				CLANG_WARN_OBJC_LITERAL_CONVERSION = YES;
				CLANG_WARN_OBJC_ROOT_CLASS = YES_ERROR;
				CLANG_WARN_RANGE_LOOP_ANALYSIS = YES;
				CLANG_WARN_STRICT_PROTOTYPES = YES;
				CLANG_WARN_SUSPICIOUS_MOVE = YES;
				CLANG_WARN_UNGUARDED_AVAILABILITY = YES_AGGRESSIVE;
				CLANG_WARN_UNREACHABLE_CODE = YES;
				CLANG_WARN__DUPLICATE_METHOD_MATCH = YES;
				CODE_SIGN_IDENTITY = "iPhone Developer";
				COPY_PHASE_STRIP = NO;
				DEBUG_INFORMATION_FORMAT = "dwarf-with-dsym";
				ENABLE_NS_ASSERTIONS = NO;
				ENABLE_STRICT_OBJC_MSGSEND = YES;
				GCC_C_LANGUAGE_STANDARD = gnu11;
				GCC_NO_COMMON_BLOCKS = YES;
				GCC_WARN_64_TO_32_BIT_CONVERSION = YES;
				GCC_WARN_ABOUT_RETURN_TYPE = YES_ERROR;
				GCC_WARN_UNDECLARED_SELECTOR = YES;
				GCC_WARN_UNINITIALIZED_AUTOS = YES_AGGRESSIVE;
				GCC_WARN_UNUSED_FUNCTION = YES;
				GCC_WARN_UNUSED_VARIABLE = YES;
				IPHONEOS_DEPLOYMENT_TARGET = 12.1;
				MTL_ENABLE_DEBUG_INFO = NO;
				MTL_FAST_MATH = YES;
				SDKROOT = iphoneos;
				SWIFT_COMPILATION_MODE = wholemodule;
				SWIFT_OPTIMIZATION_LEVEL = "-O";
				VALIDATE_PRODUCT = YES;
			};
			name = Release;
		};
		6445EC4A21BA175100D5EEDC /* Debug */ = {
			isa = XCBuildConfiguration;
			baseConfigurationReference = F6C5DB8783EA20D6FA75C2A2 /* Pods-bouncyball.debug.xcconfig */;
			buildSettings = {
				ASSETCATALOG_COMPILER_APPICON_NAME = AppIcon;
				CODE_SIGN_STYLE = Automatic;
				DEVELOPMENT_TEAM = 3W3QAKTRFB;
				INFOPLIST_FILE = bouncyball/Info.plist;
				LD_RUNPATH_SEARCH_PATHS = (
					"$(inherited)",
					"@executable_path/Frameworks",
				);
				PRODUCT_BUNDLE_IDENTIFIER = kraig.bouncyball;
				PRODUCT_NAME = "$(TARGET_NAME)";
				SWIFT_VERSION = 4.2;
				TARGETED_DEVICE_FAMILY = "1,2";
			};
			name = Debug;
		};
		6445EC4B21BA175100D5EEDC /* Release */ = {
			isa = XCBuildConfiguration;
			baseConfigurationReference = 7BF1BFD27B5366C19458A45E /* Pods-bouncyball.release.xcconfig */;
			buildSettings = {
				ASSETCATALOG_COMPILER_APPICON_NAME = AppIcon;
				CODE_SIGN_STYLE = Automatic;
				DEVELOPMENT_TEAM = 3W3QAKTRFB;
				INFOPLIST_FILE = bouncyball/Info.plist;
				LD_RUNPATH_SEARCH_PATHS = (
					"$(inherited)",
					"@executable_path/Frameworks",
				);
				PRODUCT_BUNDLE_IDENTIFIER = kraig.bouncyball;
				PRODUCT_NAME = "$(TARGET_NAME)";
				SWIFT_VERSION = 4.2;
				TARGETED_DEVICE_FAMILY = "1,2";
			};
			name = Release;
		};
/* End XCBuildConfiguration section */

/* Begin XCConfigurationList section */
		6445EC2F21BA174F00D5EEDC /* Build configuration list for PBXProject "bouncyball" */ = {
			isa = XCConfigurationList;
			buildConfigurations = (
				6445EC4721BA175100D5EEDC /* Debug */,
				6445EC4821BA175100D5EEDC /* Release */,
			);
			defaultConfigurationIsVisible = 0;
			defaultConfigurationName = Release;
		};
		6445EC4921BA175100D5EEDC /* Build configuration list for PBXNativeTarget "bouncyball" */ = {
			isa = XCConfigurationList;
			buildConfigurations = (
				6445EC4A21BA175100D5EEDC /* Debug */,
				6445EC4B21BA175100D5EEDC /* Release */,
			);
			defaultConfigurationIsVisible = 0;
			defaultConfigurationName = Release;
		};
/* End XCConfigurationList section */

/* Begin XCVersionGroup section */
		6445EC3E21BA174F00D5EEDC /* bouncyball.xcdatamodeld */ = {
			isa = XCVersionGroup;
			children = (
				6445EC3F21BA174F00D5EEDC /* bouncyball.xcdatamodel */,
			);
			currentVersion = 6445EC3F21BA174F00D5EEDC /* bouncyball.xcdatamodel */;
			path = bouncyball.xcdatamodeld;
			sourceTree = "<group>";
			versionGroupType = wrapper.xcdatamodel;
		};
/* End XCVersionGroup section */
	};
	rootObject = 6445EC2C21BA174F00D5EEDC /* Project object */;
}
